
Microsoft Visual Studio Solution File, Format Version 12.00
# Visual Studio Version 16
VisualStudioVersion = 16.0.29001.49
MinimumVisualStudioVersion = 10.0.40219.1
Project("{9A19103F-16F7-4668-BE54-9A1E7A4F7556}") = "CotecnaTest", "CotecnaTest.csproj", "{5A39D560-9172-4B8D-ADE4-0ECA1DBD6B09}"
EndProject
Project("{FAE04EC0-301F-11D3-BF4B-00C04F79EFBC}") = "OpenWeatherMap.Service", "..\OpenWeatherMap.Service\OpenWeatherMap.Service.csproj", "{2D539A46-AB28-4BEF-9357-EE6760DD83E1}"
EndProject
Project("{FAE04EC0-301F-11D3-BF4B-00C04F79EFBC}") = "OpenWeatherMap.Data", "..\OpenWeatherMap.Data\OpenWeatherMap.Data.csproj", "{A3103132-7003-4C38-B42B-320BCC1031C5}"
EndProject
Global
	GlobalSection(SolutionConfigurationPlatforms) = preSolution
		Debug|Any CPU = Debug|Any CPU
		Release|Any CPU = Release|Any CPU
	EndGlobalSection
	GlobalSection(ProjectConfigurationPlatforms) = postSolution
		{5A39D560-9172-4B8D-ADE4-0ECA1DBD6B09}.Debug|Any CPU.ActiveCfg = Debug|Any CPU
		{5A39D560-9172-4B8D-ADE4-0ECA1DBD6B09}.Debug|Any CPU.Build.0 = Debug|Any CPU
		{5A39D560-9172-4B8D-ADE4-0ECA1DBD6B09}.Release|Any CPU.ActiveCfg = Release|Any CPU
		{5A39D560-9172-4B8D-ADE4-0ECA1DBD6B09}.Release|Any CPU.Build.0 = Release|Any CPU
		{2D539A46-AB28-4BEF-9357-EE6760DD83E1}.Debug|Any CPU.ActiveCfg = Debug|Any CPU
		{2D539A46-AB28-4BEF-9357-EE6760DD83E1}.Debug|Any CPU.Build.0 = Debug|Any CPU
		{2D539A46-AB28-4BEF-9357-EE6760DD83E1}.Release|Any CPU.ActiveCfg = Release|Any CPU
		{2D539A46-AB28-4BEF-9357-EE6760DD83E1}.Release|Any CPU.Build.0 = Release|Any CPU
		{A3103132-7003-4C38-B42B-320BCC1031C5}.Debug|Any CPU.ActiveCfg = Debug|Any CPU
		{A3103132-7003-4C38-B42B-320BCC1031C5}.Debug|Any CPU.Build.0 = Debug|Any CPU
		{A3103132-7003-4C38-B42B-320BCC1031C5}.Release|Any CPU.ActiveCfg = Release|Any CPU
		{A3103132-7003-4C38-B42B-320BCC1031C5}.Release|Any CPU.Build.0 = Release|Any CPU
	EndGlobalSection
	GlobalSection(SolutionProperties) = preSolution
		HideSolutionNode = FALSE
	EndGlobalSection
	GlobalSection(ExtensibilityGlobals) = postSolution
		SolutionGuid = {EE1E6987-EBB0-4469-B396-73A232414A72}
	EndGlobalSection
EndGlobal
